# THIS IS AN AUTOGENERATED FILE. DO NOT EDIT THIS FILE DIRECTLY.
# yarn lockfile v1


"@openzeppelin/contracts@2.5.0":
  version "2.5.0"
  resolved "https://registry.yarnpkg.com/@openzeppelin/contracts/-/contracts-2.5.0.tgz#e327a98ba1d26b7756ff62885a0aa0967a375449"
  integrity sha512-t3jm8FrhL9tkkJTofkznTqo/XXdHi21w5yXwalEnaMOp22ZwZ0f/mmKdlgMMLPFa6bSVHbY88mKESwJT/7m5Lg==
